
Microsoft Visual Studio Solution File, Format Version 12.00
# Visual Studio 15
VisualStudioVersion = 15.0.28307.136
MinimumVisualStudioVersion = 10.0.40219.1
Project("{FAE04EC0-301F-11D3-BF4B-00C04F79EFBC}") = "Hotels.Core", "Hotels.Core\Hotels.Core.csproj", "{2CF15E53-6E9C-4EDC-9828-4F28CCA0A418}"
EndProject
Project("{FAE04EC0-301F-11D3-BF4B-00C04F79EFBC}") = "Hotels.Persistence", "Hotels.Persistence\Hotels.Persistence.csproj", "{A3334E9B-B123-47E7-8FE2-24CF75B2F521}"
EndProject
Project("{FAE04EC0-301F-11D3-BF4B-00C04F79EFBC}") = "Hotels.ConsoleApp", "Hotels.ConsoleApp\Hotels.ConsoleApp.csproj", "{DF433735-DAD9-45DE-82E7-45DF43AE77F4}"
EndProject
Project("{FAE04EC0-301F-11D3-BF4B-00C04F79EFBC}") = "Hotels.UnitTests", "Hotels.UnitTests\Hotels.UnitTests.csproj", "{42C0C68E-2017-4EC9-A7A1-212F66E89B02}"
EndProject
Project("{FAE04EC0-301F-11D3-BF4B-00C04F79EFBC}") = "Hotels.Website", "Hotels.Website\Hotels.Website.csproj", "{0F810D90-0450-4D36-853C-1E8C2E9DFFF6}"
EndProject
Global
	GlobalSection(SolutionConfigurationPlatforms) = preSolution
		Debug|Any CPU = Debug|Any CPU
		Release|Any CPU = Release|Any CPU
	EndGlobalSection
	GlobalSection(ProjectConfigurationPlatforms) = postSolution
		{2CF15E53-6E9C-4EDC-9828-4F28CCA0A418}.Debug|Any CPU.ActiveCfg = Debug|Any CPU
		{2CF15E53-6E9C-4EDC-9828-4F28CCA0A418}.Debug|Any CPU.Build.0 = Debug|Any CPU
		{2CF15E53-6E9C-4EDC-9828-4F28CCA0A418}.Release|Any CPU.ActiveCfg = Release|Any CPU
		{2CF15E53-6E9C-4EDC-9828-4F28CCA0A418}.Release|Any CPU.Build.0 = Release|Any CPU
		{A3334E9B-B123-47E7-8FE2-24CF75B2F521}.Debug|Any CPU.ActiveCfg = Debug|Any CPU
		{A3334E9B-B123-47E7-8FE2-24CF75B2F521}.Debug|Any CPU.Build.0 = Debug|Any CPU
		{A3334E9B-B123-47E7-8FE2-24CF75B2F521}.Release|Any CPU.ActiveCfg = Release|Any CPU
		{A3334E9B-B123-47E7-8FE2-24CF75B2F521}.Release|Any CPU.Build.0 = Release|Any CPU
		{DF433735-DAD9-45DE-82E7-45DF43AE77F4}.Debug|Any CPU.ActiveCfg = Debug|Any CPU
		{DF433735-DAD9-45DE-82E7-45DF43AE77F4}.Debug|Any CPU.Build.0 = Debug|Any CPU
		{DF433735-DAD9-45DE-82E7-45DF43AE77F4}.Release|Any CPU.ActiveCfg = Release|Any CPU
		{DF433735-DAD9-45DE-82E7-45DF43AE77F4}.Release|Any CPU.Build.0 = Release|Any CPU
		{42C0C68E-2017-4EC9-A7A1-212F66E89B02}.Debug|Any CPU.ActiveCfg = Debug|Any CPU
		{42C0C68E-2017-4EC9-A7A1-212F66E89B02}.Debug|Any CPU.Build.0 = Debug|Any CPU
		{42C0C68E-2017-4EC9-A7A1-212F66E89B02}.Release|Any CPU.ActiveCfg = Release|Any CPU
		{42C0C68E-2017-4EC9-A7A1-212F66E89B02}.Release|Any CPU.Build.0 = Release|Any CPU
		{0F810D90-0450-4D36-853C-1E8C2E9DFFF6}.Debug|Any CPU.ActiveCfg = Debug|Any CPU
		{0F810D90-0450-4D36-853C-1E8C2E9DFFF6}.Debug|Any CPU.Build.0 = Debug|Any CPU
		{0F810D90-0450-4D36-853C-1E8C2E9DFFF6}.Release|Any CPU.ActiveCfg = Release|Any CPU
		{0F810D90-0450-4D36-853C-1E8C2E9DFFF6}.Release|Any CPU.Build.0 = Release|Any CPU
	EndGlobalSection
	GlobalSection(SolutionProperties) = preSolution
		HideSolutionNode = FALSE
	EndGlobalSection
	GlobalSection(ExtensibilityGlobals) = postSolution
		SolutionGuid = {EEDC53CF-0DA4-4DCF-83ED-9F94A5B6DCB1}
	EndGlobalSection
EndGlobal
