
Microsoft Visual Studio Solution File, Format Version 12.00
# Visual Studio 15
VisualStudioVersion = 15.0.28307.136
MinimumVisualStudioVersion = 10.0.40219.1
Project("{FAE04EC0-301F-11D3-BF4B-00C04F79EFBC}") = "Hotels.Core", "Hotels.Core\Hotels.Core.csproj", "{2CF15E53-6E9C-4EDC-9828-4F28CCA0A418}"
EndProject
Global
	GlobalSection(SolutionConfigurationPlatforms) = preSolution
		Debug|Any CPU = Debug|Any CPU
		Release|Any CPU = Release|Any CPU
	EndGlobalSection
	GlobalSection(ProjectConfigurationPlatforms) = postSolution
		{2CF15E53-6E9C-4EDC-9828-4F28CCA0A418}.Debug|Any CPU.ActiveCfg = Debug|Any CPU
		{2CF15E53-6E9C-4EDC-9828-4F28CCA0A418}.Debug|Any CPU.Build.0 = Debug|Any CPU
		{2CF15E53-6E9C-4EDC-9828-4F28CCA0A418}.Release|Any CPU.ActiveCfg = Release|Any CPU
		{2CF15E53-6E9C-4EDC-9828-4F28CCA0A418}.Release|Any CPU.Build.0 = Release|Any CPU
	EndGlobalSection
	GlobalSection(SolutionProperties) = preSolution
		HideSolutionNode = FALSE
	EndGlobalSection
	GlobalSection(ExtensibilityGlobals) = postSolution
		SolutionGuid = {EEDC53CF-0DA4-4DCF-83ED-9F94A5B6DCB1}
	EndGlobalSection
EndGlobal
